
Microsoft Visual Studio Solution File, Format Version 12.00
# Visual Studio Version 17
VisualStudioVersion = 17.1.32228.430
MinimumVisualStudioVersion = 10.0.40219.1
Project("{9A19103F-16F7-4668-BE54-9A1E7A4F7556}") = "waterfood.Web", "waterfood.Web\waterfood.Web.csproj", "{762D6701-C372-4E5F-B0EE-04BDE45A1160}"
EndProject
Project("{9A19103F-16F7-4668-BE54-9A1E7A4F7556}") = "waterfood.Data", "waterfood.Data\waterfood.Data.csproj", "{C4C5C95B-BDA5-4E2E-B1A7-E92687F587F0}"
EndProject
Project("{9A19103F-16F7-4668-BE54-9A1E7A4F7556}") = "waterfood.Core", "waterfood.Core\waterfood.Core.csproj", "{AAEF8307-BDC8-4EB0-8E27-88920408EE32}"
EndProject
Project("{FAE04EC0-301F-11D3-BF4B-00C04F79EFBC}") = "waterfood.Api", "waterfood.Api\waterfood.Api.csproj", "{9570576F-FC29-4E37-8DFC-194C19E2990D}"
EndProject
Global
	GlobalSection(SolutionConfigurationPlatforms) = preSolution
		Debug|Any CPU = Debug|Any CPU
		Release|Any CPU = Release|Any CPU
	EndGlobalSection
	GlobalSection(ProjectConfigurationPlatforms) = postSolution
		{762D6701-C372-4E5F-B0EE-04BDE45A1160}.Debug|Any CPU.ActiveCfg = Debug|Any CPU
		{762D6701-C372-4E5F-B0EE-04BDE45A1160}.Debug|Any CPU.Build.0 = Debug|Any CPU
		{762D6701-C372-4E5F-B0EE-04BDE45A1160}.Release|Any CPU.ActiveCfg = Release|Any CPU
		{762D6701-C372-4E5F-B0EE-04BDE45A1160}.Release|Any CPU.Build.0 = Release|Any CPU
		{C4C5C95B-BDA5-4E2E-B1A7-E92687F587F0}.Debug|Any CPU.ActiveCfg = Debug|Any CPU
		{C4C5C95B-BDA5-4E2E-B1A7-E92687F587F0}.Debug|Any CPU.Build.0 = Debug|Any CPU
		{C4C5C95B-BDA5-4E2E-B1A7-E92687F587F0}.Release|Any CPU.ActiveCfg = Release|Any CPU
		{C4C5C95B-BDA5-4E2E-B1A7-E92687F587F0}.Release|Any CPU.Build.0 = Release|Any CPU
		{AAEF8307-BDC8-4EB0-8E27-88920408EE32}.Debug|Any CPU.ActiveCfg = Debug|Any CPU
		{AAEF8307-BDC8-4EB0-8E27-88920408EE32}.Debug|Any CPU.Build.0 = Debug|Any CPU
		{AAEF8307-BDC8-4EB0-8E27-88920408EE32}.Release|Any CPU.ActiveCfg = Release|Any CPU
		{AAEF8307-BDC8-4EB0-8E27-88920408EE32}.Release|Any CPU.Build.0 = Release|Any CPU
		{9570576F-FC29-4E37-8DFC-194C19E2990D}.Debug|Any CPU.ActiveCfg = Debug|Any CPU
		{9570576F-FC29-4E37-8DFC-194C19E2990D}.Debug|Any CPU.Build.0 = Debug|Any CPU
		{9570576F-FC29-4E37-8DFC-194C19E2990D}.Release|Any CPU.ActiveCfg = Release|Any CPU
		{9570576F-FC29-4E37-8DFC-194C19E2990D}.Release|Any CPU.Build.0 = Release|Any CPU
	EndGlobalSection
	GlobalSection(SolutionProperties) = preSolution
		HideSolutionNode = FALSE
	EndGlobalSection
	GlobalSection(ExtensibilityGlobals) = postSolution
		SolutionGuid = {61E739EE-1822-4359-8432-865DCBEDE478}
	EndGlobalSection
EndGlobal
